
Microsoft Visual Studio Solution File, Format Version 12.00
# Visual Studio Version 17
VisualStudioVersion = 17.12.35514.174 d17.12
MinimumVisualStudioVersion = 10.0.40219.1
Project("{FAE04EC0-301F-11D3-BF4B-00C04F79EFBC}") = "FlappyBird", "FlappyBird.csproj", "{AA509C3F-EB79-4FCC-A5B9-56A4C8116CFF}"
EndProject
Global
	GlobalSection(SolutionConfigurationPlatforms) = preSolution
		Debug|Any CPU = Debug|Any CPU
		Release|Any CPU = Release|Any CPU
	EndGlobalSection
	GlobalSection(ProjectConfigurationPlatforms) = postSolution
		{AA509C3F-EB79-4FCC-A5B9-56A4C8116CFF}.Debug|Any CPU.ActiveCfg = Debug|Any CPU
		{AA509C3F-EB79-4FCC-A5B9-56A4C8116CFF}.Debug|Any CPU.Build.0 = Debug|Any CPU
		{AA509C3F-EB79-4FCC-A5B9-56A4C8116CFF}.Release|Any CPU.ActiveCfg = Release|Any CPU
		{AA509C3F-EB79-4FCC-A5B9-56A4C8116CFF}.Release|Any CPU.Build.0 = Release|Any CPU
	EndGlobalSection
	GlobalSection(SolutionProperties) = preSolution
		HideSolutionNode = FALSE
	EndGlobalSection
EndGlobal
